// !$*UTF8*$!
{
	archiveVersion = 1;
	classes = {
	};
	objectVersion = 46;
	objects = {

/* Begin PBXBuildFile section */
		01D6EEA57A30C033E8B14A47 /* Pods_ClockIn.framework in Frameworks */ = {isa = PBXBuildFile; fileRef = 5640B8F07A96192CA81A482D /* Pods_ClockIn.framework */; };
		663A47E51D7E087B00393718 /* AppDelegate.swift in Sources */ = {isa = PBXBuildFile; fileRef = 663A47E41D7E087B00393718 /* AppDelegate.swift */; };
		663A47EA1D7E087B00393718 /* Main.storyboard in Resources */ = {isa = PBXBuildFile; fileRef = 663A47E81D7E087B00393718 /* Main.storyboard */; };
		663A47EF1D7E087B00393718 /* Assets.xcassets in Resources */ = {isa = PBXBuildFile; fileRef = 663A47EE1D7E087B00393718 /* Assets.xcassets */; };
		663A47F21D7E087B00393718 /* LaunchScreen.storyboard in Resources */ = {isa = PBXBuildFile; fileRef = 663A47F01D7E087B00393718 /* LaunchScreen.storyboard */; };
		663A47FD1D7E087B00393718 /* ClockInUITests.swift in Sources */ = {isa = PBXBuildFile; fileRef = 663A47FC1D7E087B00393718 /* ClockInUITests.swift */; };
		663A48101D7E14E700393718 /* HomeTableViewController.swift in Sources */ = {isa = PBXBuildFile; fileRef = 663A480F1D7E14E700393718 /* HomeTableViewController.swift */; };
		663A48121D7E15A900393718 /* CustomTableViewCell.swift in Sources */ = {isa = PBXBuildFile; fileRef = 663A48111D7E15A900393718 /* CustomTableViewCell.swift */; };
		663A48181D7E25E800393718 /* WorkSlot+CoreDataProperties.swift in Sources */ = {isa = PBXBuildFile; fileRef = 663A48161D7E25E800393718 /* WorkSlot+CoreDataProperties.swift */; };
		663A48191D7E25E800393718 /* WorkSlot.swift in Sources */ = {isa = PBXBuildFile; fileRef = 663A48171D7E25E800393718 /* WorkSlot.swift */; };
		664DA5011D7F7175001D8D81 /* EditTableViewController.swift in Sources */ = {isa = PBXBuildFile; fileRef = 664DA5001D7F7175001D8D81 /* EditTableViewController.swift */; };
		664DA50B1D814B93001D8D81 /* UIView+Extension.swift in Sources */ = {isa = PBXBuildFile; fileRef = 664DA50A1D814B93001D8D81 /* UIView+Extension.swift */; };
		664DA50D1D814BB1001D8D81 /* Array+Extension.swift in Sources */ = {isa = PBXBuildFile; fileRef = 664DA50C1D814BB1001D8D81 /* Array+Extension.swift */; };
		664DA5111D814C8B001D8D81 /* Date+Extension.swift in Sources */ = {isa = PBXBuildFile; fileRef = 664DA5101D814C8B001D8D81 /* Date+Extension.swift */; };
		664DA5141D81657E001D8D81 /* UIColor+Extension.swift in Sources */ = {isa = PBXBuildFile; fileRef = 664DA5131D81657E001D8D81 /* UIColor+Extension.swift */; };
		665AD3231FE07274005DFB6C /* SettingsTableViewController.swift in Sources */ = {isa = PBXBuildFile; fileRef = 665AD3221FE07274005DFB6C /* SettingsTableViewController.swift */; };
		665C3E1A1D8481F40052CC32 /* Popup.swift in Sources */ = {isa = PBXBuildFile; fileRef = 665C3E191D8481F40052CC32 /* Popup.swift */; };
		665C3E1C1D8490930052CC32 /* Colors.swift in Sources */ = {isa = PBXBuildFile; fileRef = 665C3E1B1D8490930052CC32 /* Colors.swift */; };
		66FFBBB11D82C26400E351A6 /* DoubleStateButton.swift in Sources */ = {isa = PBXBuildFile; fileRef = 66FFBBB01D82C26400E351A6 /* DoubleStateButton.swift */; };
		66FFBBB51D82CB1B00E351A6 /* MultipleStatesButton.swift in Sources */ = {isa = PBXBuildFile; fileRef = 66FFBBB41D82CB1B00E351A6 /* MultipleStatesButton.swift */; };
		66FFBBB71D82DCFD00E351A6 /* HoursWorkedButton.swift in Sources */ = {isa = PBXBuildFile; fileRef = 66FFBBB61D82DCFD00E351A6 /* HoursWorkedButton.swift */; };
/* End PBXBuildFile section */

/* Begin PBXContainerItemProxy section */
		663A47F91D7E087B00393718 /* PBXContainerItemProxy */ = {
			isa = PBXContainerItemProxy;
			containerPortal = 663A47D91D7E087B00393718 /* Project object */;
			proxyType = 1;
			remoteGlobalIDString = 663A47E01D7E087B00393718;
			remoteInfo = ClockIn;
		};
/* End PBXContainerItemProxy section */

/* Begin PBXFileReference section */
		38F0990D86767B35E491AD38 /* Pods-ClockIn.release.xcconfig */ = {isa = PBXFileReference; includeInIndex = 1; lastKnownFileType = text.xcconfig; name = "Pods-ClockIn.release.xcconfig"; path = "Pods/Target Support Files/Pods-ClockIn/Pods-ClockIn.release.xcconfig"; sourceTree = "<group>"; };
		5640B8F07A96192CA81A482D /* Pods_ClockIn.framework */ = {isa = PBXFileReference; explicitFileType = wrapper.framework; includeInIndex = 0; path = Pods_ClockIn.framework; sourceTree = BUILT_PRODUCTS_DIR; };
		663A47E11D7E087B00393718 /* ClockIn.app */ = {isa = PBXFileReference; explicitFileType = wrapper.application; includeInIndex = 0; path = ClockIn.app; sourceTree = BUILT_PRODUCTS_DIR; };
		663A47E41D7E087B00393718 /* AppDelegate.swift */ = {isa = PBXFileReference; lastKnownFileType = sourcecode.swift; path = AppDelegate.swift; sourceTree = "<group>"; };
		663A47E91D7E087B00393718 /* Base */ = {isa = PBXFileReference; lastKnownFileType = file.storyboard; name = Base; path = Base.lproj/Main.storyboard; sourceTree = "<group>"; };
		663A47EE1D7E087B00393718 /* Assets.xcassets */ = {isa = PBXFileReference; lastKnownFileType = folder.assetcatalog; name = Assets.xcassets; path = Resources/Assets.xcassets; sourceTree = "<group>"; };
		663A47F11D7E087B00393718 /* Base */ = {isa = PBXFileReference; lastKnownFileType = file.storyboard; name = Base; path = Base.lproj/LaunchScreen.storyboard; sourceTree = "<group>"; };
		663A47F31D7E087B00393718 /* Info.plist */ = {isa = PBXFileReference; lastKnownFileType = text.plist.xml; name = Info.plist; path = "Supporting File/Info.plist"; sourceTree = "<group>"; };
		663A47F81D7E087B00393718 /* ClockInUITests.xctest */ = {isa = PBXFileReference; explicitFileType = wrapper.cfbundle; includeInIndex = 0; path = ClockInUITests.xctest; sourceTree = BUILT_PRODUCTS_DIR; };
		663A47FC1D7E087B00393718 /* ClockInUITests.swift */ = {isa = PBXFileReference; lastKnownFileType = sourcecode.swift; path = ClockInUITests.swift; sourceTree = "<group>"; };
		663A47FE1D7E087B00393718 /* Info.plist */ = {isa = PBXFileReference; lastKnownFileType = text.plist.xml; path = Info.plist; sourceTree = "<group>"; };
		663A480F1D7E14E700393718 /* HomeTableViewController.swift */ = {isa = PBXFileReference; fileEncoding = 4; lastKnownFileType = sourcecode.swift; name = HomeTableViewController.swift; path = Controllers/HomeTableViewController.swift; sourceTree = "<group>"; };
		663A48111D7E15A900393718 /* CustomTableViewCell.swift */ = {isa = PBXFileReference; fileEncoding = 4; lastKnownFileType = sourcecode.swift; name = CustomTableViewCell.swift; path = "Views/Custom Views/CustomTableViewCell.swift"; sourceTree = "<group>"; };
		663A48161D7E25E800393718 /* WorkSlot+CoreDataProperties.swift */ = {isa = PBXFileReference; fileEncoding = 4; lastKnownFileType = sourcecode.swift; name = "WorkSlot+CoreDataProperties.swift"; path = "Models/WorkSlot+CoreDataProperties.swift"; sourceTree = "<group>"; };
		663A48171D7E25E800393718 /* WorkSlot.swift */ = {isa = PBXFileReference; fileEncoding = 4; lastKnownFileType = sourcecode.swift; name = WorkSlot.swift; path = Models/WorkSlot.swift; sourceTree = "<group>"; };
		664DA5001D7F7175001D8D81 /* EditTableViewController.swift */ = {isa = PBXFileReference; fileEncoding = 4; lastKnownFileType = sourcecode.swift; name = EditTableViewController.swift; path = Controllers/EditTableViewController.swift; sourceTree = "<group>"; };
		664DA50A1D814B93001D8D81 /* UIView+Extension.swift */ = {isa = PBXFileReference; fileEncoding = 4; lastKnownFileType = sourcecode.swift; name = "UIView+Extension.swift"; path = "Helpers/UIView+Extension.swift"; sourceTree = "<group>"; };
		664DA50C1D814BB1001D8D81 /* Array+Extension.swift */ = {isa = PBXFileReference; fileEncoding = 4; lastKnownFileType = sourcecode.swift; name = "Array+Extension.swift"; path = "Helpers/Array+Extension.swift"; sourceTree = "<group>"; };
		664DA5101D814C8B001D8D81 /* Date+Extension.swift */ = {isa = PBXFileReference; fileEncoding = 4; lastKnownFileType = sourcecode.swift; name = "Date+Extension.swift"; path = "Helpers/Date+Extension.swift"; sourceTree = "<group>"; };
		664DA5131D81657E001D8D81 /* UIColor+Extension.swift */ = {isa = PBXFileReference; fileEncoding = 4; lastKnownFileType = sourcecode.swift; name = "UIColor+Extension.swift"; path = "Helpers/UIColor+Extension.swift"; sourceTree = "<group>"; };
		665AD3221FE07274005DFB6C /* SettingsTableViewController.swift */ = {isa = PBXFileReference; lastKnownFileType = sourcecode.swift; name = SettingsTableViewController.swift; path = Controllers/SettingsTableViewController.swift; sourceTree = "<group>"; };
		665C3E191D8481F40052CC32 /* Popup.swift */ = {isa = PBXFileReference; fileEncoding = 4; lastKnownFileType = sourcecode.swift; name = Popup.swift; path = Helpers/Popup.swift; sourceTree = "<group>"; };
		665C3E1B1D8490930052CC32 /* Colors.swift */ = {isa = PBXFileReference; fileEncoding = 4; lastKnownFileType = sourcecode.swift; name = Colors.swift; path = Helpers/Colors.swift; sourceTree = "<group>"; };
		66FFBBB01D82C26400E351A6 /* DoubleStateButton.swift */ = {isa = PBXFileReference; fileEncoding = 4; lastKnownFileType = sourcecode.swift; name = DoubleStateButton.swift; path = "Views/Custom Views/DoubleStateButton.swift"; sourceTree = "<group>"; };
		66FFBBB41D82CB1B00E351A6 /* MultipleStatesButton.swift */ = {isa = PBXFileReference; fileEncoding = 4; lastKnownFileType = sourcecode.swift; name = MultipleStatesButton.swift; path = "Views/Custom Views/MultipleStatesButton.swift"; sourceTree = "<group>"; };
		66FFBBB61D82DCFD00E351A6 /* HoursWorkedButton.swift */ = {isa = PBXFileReference; fileEncoding = 4; lastKnownFileType = sourcecode.swift; name = HoursWorkedButton.swift; path = "Views/Custom Views/HoursWorkedButton.swift"; sourceTree = "<group>"; };
		786AB4B8EA045E8EB00B92E9 /* Pods_ClockInUITests.framework */ = {isa = PBXFileReference; explicitFileType = wrapper.framework; includeInIndex = 0; path = Pods_ClockInUITests.framework; sourceTree = BUILT_PRODUCTS_DIR; };
		994138C1BF6B8C27D1B23000 /* Pods-ClockIn.debug.xcconfig */ = {isa = PBXFileReference; includeInIndex = 1; lastKnownFileType = text.xcconfig; name = "Pods-ClockIn.debug.xcconfig"; path = "Pods/Target Support Files/Pods-ClockIn/Pods-ClockIn.debug.xcconfig"; sourceTree = "<group>"; };
/* End PBXFileReference section */

/* Begin PBXFrameworksBuildPhase section */
		663A47DE1D7E087B00393718 /* Frameworks */ = {
			isa = PBXFrameworksBuildPhase;
			buildActionMask = 2147483647;
			files = (
				01D6EEA57A30C033E8B14A47 /* Pods_ClockIn.framework in Frameworks */,
			);
			runOnlyForDeploymentPostprocessing = 0;
		};
		663A47F51D7E087B00393718 /* Frameworks */ = {
			isa = PBXFrameworksBuildPhase;
			buildActionMask = 2147483647;
			files = (
			);
			runOnlyForDeploymentPostprocessing = 0;
		};
/* End PBXFrameworksBuildPhase section */

/* Begin PBXGroup section */
		663A47D81D7E087B00393718 = {
			isa = PBXGroup;
			children = (
				663A47E31D7E087B00393718 /* ClockIn */,
				663A47FB1D7E087B00393718 /* ClockInUITests */,
				663A47E21D7E087B00393718 /* Products */,
				D5B92CA662C16CC8B52778AA /* Pods */,
				6EB49704B5B8D92DE73858E7 /* Frameworks */,
			);
			sourceTree = "<group>";
		};
		663A47E21D7E087B00393718 /* Products */ = {
			isa = PBXGroup;
			children = (
				663A47E11D7E087B00393718 /* ClockIn.app */,
				663A47F81D7E087B00393718 /* ClockInUITests.xctest */,
			);
			name = Products;
			sourceTree = "<group>";
		};
		663A47E31D7E087B00393718 /* ClockIn */ = {
			isa = PBXGroup;
			children = (
				663A47E41D7E087B00393718 /* AppDelegate.swift */,
				663A48151D7E257300393718 /* Models */,
				664DA5121D814CA6001D8D81 /* Views */,
				669A7A0B1D94717D0059EA99 /* Controllers */,
				669A7A0C1D9471FD0059EA99 /* Managers */,
				664DA50E1D814BCA001D8D81 /* Helpers */,
				669A7A111D955E050059EA99 /* Resources */,
				664DA50F1D814C4F001D8D81 /* Supporting File */,
			);
			path = ClockIn;
			sourceTree = "<group>";
		};
		663A47FB1D7E087B00393718 /* ClockInUITests */ = {
			isa = PBXGroup;
			children = (
				663A47FC1D7E087B00393718 /* ClockInUITests.swift */,
				663A47FE1D7E087B00393718 /* Info.plist */,
			);
			path = ClockInUITests;
			sourceTree = "<group>";
		};
		663A48151D7E257300393718 /* Models */ = {
			isa = PBXGroup;
			children = (
				663A48161D7E25E800393718 /* WorkSlot+CoreDataProperties.swift */,
				663A48171D7E25E800393718 /* WorkSlot.swift */,
			);
			name = Models;
			sourceTree = "<group>";
		};
		664DA50E1D814BCA001D8D81 /* Helpers */ = {
			isa = PBXGroup;
			children = (
				664DA5101D814C8B001D8D81 /* Date+Extension.swift */,
				664DA50A1D814B93001D8D81 /* UIView+Extension.swift */,
				664DA50C1D814BB1001D8D81 /* Array+Extension.swift */,
				664DA5131D81657E001D8D81 /* UIColor+Extension.swift */,
			);
			name = Helpers;
			sourceTree = "<group>";
		};
		664DA50F1D814C4F001D8D81 /* Supporting File */ = {
			isa = PBXGroup;
			children = (
				663A47F31D7E087B00393718 /* Info.plist */,
			);
			name = "Supporting File";
			sourceTree = "<group>";
		};
		664DA5121D814CA6001D8D81 /* Views */ = {
			isa = PBXGroup;
			children = (
				66FFBBAF1D82C1DB00E351A6 /* Custom Views */,
				669A7A101D955D8E0059EA99 /* Base.lproj */,
			);
			name = Views;
			sourceTree = "<group>";
		};
		669A7A0B1D94717D0059EA99 /* Controllers */ = {
			isa = PBXGroup;
			children = (
				664DA5001D7F7175001D8D81 /* EditTableViewController.swift */,
				663A480F1D7E14E700393718 /* HomeTableViewController.swift */,
				665AD3221FE07274005DFB6C /* SettingsTableViewController.swift */,
			);
			name = Controllers;
			sourceTree = "<group>";
		};
		669A7A0C1D9471FD0059EA99 /* Managers */ = {
			isa = PBXGroup;
			children = (
				665C3E191D8481F40052CC32 /* Popup.swift */,
				665C3E1B1D8490930052CC32 /* Colors.swift */,
			);
			name = Managers;
			sourceTree = "<group>";
		};
		669A7A101D955D8E0059EA99 /* Base.lproj */ = {
			isa = PBXGroup;
			children = (
				663A47E81D7E087B00393718 /* Main.storyboard */,
				663A47F01D7E087B00393718 /* LaunchScreen.storyboard */,
			);
			name = Base.lproj;
			sourceTree = "<group>";
		};
		669A7A111D955E050059EA99 /* Resources */ = {
			isa = PBXGroup;
			children = (
				663A47EE1D7E087B00393718 /* Assets.xcassets */,
			);
			name = Resources;
			sourceTree = "<group>";
		};
		66FFBBAF1D82C1DB00E351A6 /* Custom Views */ = {
			isa = PBXGroup;
			children = (
				663A48111D7E15A900393718 /* CustomTableViewCell.swift */,
				66FFBBB01D82C26400E351A6 /* DoubleStateButton.swift */,
				66FFBBB41D82CB1B00E351A6 /* MultipleStatesButton.swift */,
				66FFBBB61D82DCFD00E351A6 /* HoursWorkedButton.swift */,
			);
			name = "Custom Views";
			sourceTree = "<group>";
		};
		6EB49704B5B8D92DE73858E7 /* Frameworks */ = {
			isa = PBXGroup;
			children = (
				5640B8F07A96192CA81A482D /* Pods_ClockIn.framework */,
				786AB4B8EA045E8EB00B92E9 /* Pods_ClockInUITests.framework */,
			);
			name = Frameworks;
			sourceTree = "<group>";
		};
		D5B92CA662C16CC8B52778AA /* Pods */ = {
			isa = PBXGroup;
			children = (
				994138C1BF6B8C27D1B23000 /* Pods-ClockIn.debug.xcconfig */,
				38F0990D86767B35E491AD38 /* Pods-ClockIn.release.xcconfig */,
			);
			name = Pods;
			sourceTree = "<group>";
		};
/* End PBXGroup section */

/* Begin PBXNativeTarget section */
		663A47E01D7E087B00393718 /* ClockIn */ = {
			isa = PBXNativeTarget;
			buildConfigurationList = 663A48011D7E087B00393718 /* Build configuration list for PBXNativeTarget "ClockIn" */;
			buildPhases = (
				0D20DA1BF2506605C225BFD2 /* [CP] Check Pods Manifest.lock */,
				663A47DD1D7E087B00393718 /* Sources */,
				663A47DE1D7E087B00393718 /* Frameworks */,
				663A47DF1D7E087B00393718 /* Resources */,
				C2F885F8A48092D6BADD608E /* [CP] Embed Pods Frameworks */,
				D2AADE4CBF3C1FA588605136 /* [CP] Copy Pods Resources */,
			);
			buildRules = (
			);
			dependencies = (
			);
			name = ClockIn;
			productName = ClockIn;
			productReference = 663A47E11D7E087B00393718 /* ClockIn.app */;
			productType = "com.apple.product-type.application";
		};
		663A47F71D7E087B00393718 /* ClockInUITests */ = {
			isa = PBXNativeTarget;
			buildConfigurationList = 663A48041D7E087B00393718 /* Build configuration list for PBXNativeTarget "ClockInUITests" */;
			buildPhases = (
				663A47F41D7E087B00393718 /* Sources */,
				663A47F51D7E087B00393718 /* Frameworks */,
				663A47F61D7E087B00393718 /* Resources */,
			);
			buildRules = (
			);
			dependencies = (
				663A47FA1D7E087B00393718 /* PBXTargetDependency */,
			);
			name = ClockInUITests;
			productName = ClockInUITests;
			productReference = 663A47F81D7E087B00393718 /* ClockInUITests.xctest */;
			productType = "com.apple.product-type.bundle.ui-testing";
		};
/* End PBXNativeTarget section */

/* Begin PBXProject section */
		663A47D91D7E087B00393718 /* Project object */ = {
			isa = PBXProject;
			attributes = {
				LastSwiftUpdateCheck = 0730;
				LastUpgradeCheck = 0800;
				ORGANIZATIONNAME = "Julien Colin";
				TargetAttributes = {
					663A47E01D7E087B00393718 = {
						CreatedOnToolsVersion = 7.3.1;
						DevelopmentTeam = 44BGB7W8XJ;
						LastSwiftMigration = 0920;
						ProvisioningStyle = Manual;
					};
					663A47F71D7E087B00393718 = {
						CreatedOnToolsVersion = 7.3.1;
						DevelopmentTeam = 44BGB7W8XJ;
						LastSwiftMigration = 0920;
						ProvisioningStyle = Manual;
						TestTargetID = 663A47E01D7E087B00393718;
					};
				};
			};
			buildConfigurationList = 663A47DC1D7E087B00393718 /* Build configuration list for PBXProject "ClockIn" */;
			compatibilityVersion = "Xcode 3.2";
			developmentRegion = English;
			hasScannedForEncodings = 0;
			knownRegions = (
				en,
				Base,
			);
			mainGroup = 663A47D81D7E087B00393718;
			productRefGroup = 663A47E21D7E087B00393718 /* Products */;
			projectDirPath = "";
			projectRoot = "";
			targets = (
				663A47E01D7E087B00393718 /* ClockIn */,
				663A47F71D7E087B00393718 /* ClockInUITests */,
			);
		};
/* End PBXProject section */

/* Begin PBXResourcesBuildPhase section */
		663A47DF1D7E087B00393718 /* Resources */ = {
			isa = PBXResourcesBuildPhase;
			buildActionMask = 2147483647;
			files = (
				663A47F21D7E087B00393718 /* LaunchScreen.storyboard in Resources */,
				663A47EF1D7E087B00393718 /* Assets.xcassets in Resources */,
				663A47EA1D7E087B00393718 /* Main.storyboard in Resources */,
			);
			runOnlyForDeploymentPostprocessing = 0;
		};
		663A47F61D7E087B00393718 /* Resources */ = {
			isa = PBXResourcesBuildPhase;
			buildActionMask = 2147483647;
			files = (
			);
			runOnlyForDeploymentPostprocessing = 0;
		};
/* End PBXResourcesBuildPhase section */

/* Begin PBXShellScriptBuildPhase section */
		0D20DA1BF2506605C225BFD2 /* [CP] Check Pods Manifest.lock */ = {
			isa = PBXShellScriptBuildPhase;
			buildActionMask = 2147483647;
			files = (
			);
			inputPaths = (
				"${PODS_PODFILE_DIR_PATH}/Podfile.lock",
				"${PODS_ROOT}/Manifest.lock",
			);
			name = "[CP] Check Pods Manifest.lock";
			outputPaths = (
				"$(DERIVED_FILE_DIR)/Pods-ClockIn-checkManifestLockResult.txt",
			);
			runOnlyForDeploymentPostprocessing = 0;
			shellPath = /bin/sh;
			shellScript = "diff \"${PODS_PODFILE_DIR_PATH}/Podfile.lock\" \"${PODS_ROOT}/Manifest.lock\" > /dev/null\nif [ $? != 0 ] ; then\n    # print error to STDERR\n    echo \"error: The sandbox is not in sync with the Podfile.lock. Run 'pod install' or update your CocoaPods installation.\" >&2\n    exit 1\nfi\n# This output is used by Xcode 'outputs' to avoid re-running this script phase.\necho \"SUCCESS\" > \"${SCRIPT_OUTPUT_FILE_0}\"\n";
			showEnvVarsInLog = 0;
		};
		C2F885F8A48092D6BADD608E /* [CP] Embed Pods Frameworks */ = {
			isa = PBXShellScriptBuildPhase;
			buildActionMask = 2147483647;
			files = (
			);
			inputPaths = (
				"${SRCROOT}/Pods/Target Support Files/Pods-ClockIn/Pods-ClockIn-frameworks.sh",
				"${BUILT_PRODUCTS_DIR}/AMGCalendarManager/AMGCalendarManager.framework",
				"${BUILT_PRODUCTS_DIR}/Realm/Realm.framework",
				"${BUILT_PRODUCTS_DIR}/RealmSwift/RealmSwift.framework",
			);
			name = "[CP] Embed Pods Frameworks";
			outputPaths = (
				"${TARGET_BUILD_DIR}/${FRAMEWORKS_FOLDER_PATH}/AMGCalendarManager.framework",
				"${TARGET_BUILD_DIR}/${FRAMEWORKS_FOLDER_PATH}/Realm.framework",
				"${TARGET_BUILD_DIR}/${FRAMEWORKS_FOLDER_PATH}/RealmSwift.framework",
			);
			runOnlyForDeploymentPostprocessing = 0;
			shellPath = /bin/sh;
			shellScript = "\"${SRCROOT}/Pods/Target Support Files/Pods-ClockIn/Pods-ClockIn-frameworks.sh\"\n";
			showEnvVarsInLog = 0;
		};
		D2AADE4CBF3C1FA588605136 /* [CP] Copy Pods Resources */ = {
			isa = PBXShellScriptBuildPhase;
			buildActionMask = 2147483647;
			files = (
			);
			inputPaths = (
			);
			name = "[CP] Copy Pods Resources";
			outputPaths = (
			);
			runOnlyForDeploymentPostprocessing = 0;
			shellPath = /bin/sh;
			shellScript = "\"${SRCROOT}/Pods/Target Support Files/Pods-ClockIn/Pods-ClockIn-resources.sh\"\n";
			showEnvVarsInLog = 0;
		};
/* End PBXShellScriptBuildPhase section */

/* Begin PBXSourcesBuildPhase section */
		663A47DD1D7E087B00393718 /* Sources */ = {
			isa = PBXSourcesBuildPhase;
			buildActionMask = 2147483647;
			files = (
				66FFBBB71D82DCFD00E351A6 /* HoursWorkedButton.swift in Sources */,
				663A48101D7E14E700393718 /* HomeTableViewController.swift in Sources */,
				664DA50D1D814BB1001D8D81 /* Array+Extension.swift in Sources */,
				66FFBBB11D82C26400E351A6 /* DoubleStateButton.swift in Sources */,
				663A48121D7E15A900393718 /* CustomTableViewCell.swift in Sources */,
				66FFBBB51D82CB1B00E351A6 /* MultipleStatesButton.swift in Sources */,
				664DA5141D81657E001D8D81 /* UIColor+Extension.swift in Sources */,
				663A48181D7E25E800393718 /* WorkSlot+CoreDataProperties.swift in Sources */,
				664DA5111D814C8B001D8D81 /* Date+Extension.swift in Sources */,
				665C3E1C1D8490930052CC32 /* Colors.swift in Sources */,
				664DA50B1D814B93001D8D81 /* UIView+Extension.swift in Sources */,
				663A48191D7E25E800393718 /* WorkSlot.swift in Sources */,
				665AD3231FE07274005DFB6C /* SettingsTableViewController.swift in Sources */,
				665C3E1A1D8481F40052CC32 /* Popup.swift in Sources */,
				664DA5011D7F7175001D8D81 /* EditTableViewController.swift in Sources */,
				663A47E51D7E087B00393718 /* AppDelegate.swift in Sources */,
			);
			runOnlyForDeploymentPostprocessing = 0;
		};
		663A47F41D7E087B00393718 /* Sources */ = {
			isa = PBXSourcesBuildPhase;
			buildActionMask = 2147483647;
			files = (
				663A47FD1D7E087B00393718 /* ClockInUITests.swift in Sources */,
			);
			runOnlyForDeploymentPostprocessing = 0;
		};
/* End PBXSourcesBuildPhase section */

/* Begin PBXTargetDependency section */
		663A47FA1D7E087B00393718 /* PBXTargetDependency */ = {
			isa = PBXTargetDependency;
			target = 663A47E01D7E087B00393718 /* ClockIn */;
			targetProxy = 663A47F91D7E087B00393718 /* PBXContainerItemProxy */;
		};
/* End PBXTargetDependency section */

/* Begin PBXVariantGroup section */
		663A47E81D7E087B00393718 /* Main.storyboard */ = {
			isa = PBXVariantGroup;
			children = (
				663A47E91D7E087B00393718 /* Base */,
			);
			name = Main.storyboard;
			path = Views;
			sourceTree = "<group>";
		};
		663A47F01D7E087B00393718 /* LaunchScreen.storyboard */ = {
			isa = PBXVariantGroup;
			children = (
				663A47F11D7E087B00393718 /* Base */,
			);
			name = LaunchScreen.storyboard;
			path = Views;
			sourceTree = "<group>";
		};
/* End PBXVariantGroup section */

/* Begin XCBuildConfiguration section */
		663A47FF1D7E087B00393718 /* Debug */ = {
			isa = XCBuildConfiguration;
			buildSettings = {
				ALWAYS_SEARCH_USER_PATHS = NO;
				CLANG_ANALYZER_NONNULL = YES;
				CLANG_CXX_LANGUAGE_STANDARD = "gnu++0x";
				CLANG_CXX_LIBRARY = "libc++";
				CLANG_ENABLE_MODULES = YES;
				CLANG_ENABLE_OBJC_ARC = YES;
				CLANG_WARN_BOOL_CONVERSION = YES;
				CLANG_WARN_CONSTANT_CONVERSION = YES;
				CLANG_WARN_DIRECT_OBJC_ISA_USAGE = YES_ERROR;
				CLANG_WARN_EMPTY_BODY = YES;
				CLANG_WARN_ENUM_CONVERSION = YES;
				CLANG_WARN_INFINITE_RECURSION = YES;
				CLANG_WARN_INT_CONVERSION = YES;
				CLANG_WARN_OBJC_ROOT_CLASS = YES_ERROR;
				CLANG_WARN_SUSPICIOUS_MOVE = YES;
				CLANG_WARN_UNREACHABLE_CODE = YES;
				CLANG_WARN__DUPLICATE_METHOD_MATCH = YES;
				"CODE_SIGN_IDENTITY[sdk=iphoneos*]" = "iPhone Developer";
				COPY_PHASE_STRIP = NO;
				DEBUG_INFORMATION_FORMAT = dwarf;
				ENABLE_STRICT_OBJC_MSGSEND = YES;
				ENABLE_TESTABILITY = YES;
				GCC_C_LANGUAGE_STANDARD = gnu99;
				GCC_DYNAMIC_NO_PIC = NO;
				GCC_NO_COMMON_BLOCKS = YES;
				GCC_OPTIMIZATION_LEVEL = 0;
				GCC_PREPROCESSOR_DEFINITIONS = (
					"DEBUG=1",
					"$(inherited)",
				);
				GCC_WARN_64_TO_32_BIT_CONVERSION = YES;
				GCC_WARN_ABOUT_RETURN_TYPE = YES_ERROR;
				GCC_WARN_UNDECLARED_SELECTOR = YES;
				GCC_WARN_UNINITIALIZED_AUTOS = YES_AGGRESSIVE;
				GCC_WARN_UNUSED_FUNCTION = YES;
				GCC_WARN_UNUSED_VARIABLE = YES;
				IPHONEOS_DEPLOYMENT_TARGET = 9.3;
				MTL_ENABLE_DEBUG_INFO = YES;
				ONLY_ACTIVE_ARCH = YES;
				SDKROOT = iphoneos;
				SWIFT_OPTIMIZATION_LEVEL = "-Onone";
			};
			name = Debug;
		};
		663A48001D7E087B00393718 /* Release */ = {
			isa = XCBuildConfiguration;
			buildSettings = {
				ALWAYS_SEARCH_USER_PATHS = NO;
				CLANG_ANALYZER_NONNULL = YES;
				CLANG_CXX_LANGUAGE_STANDARD = "gnu++0x";
				CLANG_CXX_LIBRARY = "libc++";
				CLANG_ENABLE_MODULES = YES;
				CLANG_ENABLE_OBJC_ARC = YES;
				CLANG_WARN_BOOL_CONVERSION = YES;
				CLANG_WARN_CONSTANT_CONVERSION = YES;
				CLANG_WARN_DIRECT_OBJC_ISA_USAGE = YES_ERROR;
				CLANG_WARN_EMPTY_BODY = YES;
				CLANG_WARN_ENUM_CONVERSION = YES;
				CLANG_WARN_INFINITE_RECURSION = YES;
				CLANG_WARN_INT_CONVERSION = YES;
				CLANG_WARN_OBJC_ROOT_CLASS = YES_ERROR;
				CLANG_WARN_SUSPICIOUS_MOVE = YES;
				CLANG_WARN_UNREACHABLE_CODE = YES;
				CLANG_WARN__DUPLICATE_METHOD_MATCH = YES;
				"CODE_SIGN_IDENTITY[sdk=iphoneos*]" = "iPhone Developer";
				COPY_PHASE_STRIP = NO;
				DEBUG_INFORMATION_FORMAT = "dwarf-with-dsym";
				ENABLE_NS_ASSERTIONS = NO;
				ENABLE_STRICT_OBJC_MSGSEND = YES;
				GCC_C_LANGUAGE_STANDARD = gnu99;
				GCC_NO_COMMON_BLOCKS = YES;
				GCC_WARN_64_TO_32_BIT_CONVERSION = YES;
				GCC_WARN_ABOUT_RETURN_TYPE = YES_ERROR;
				GCC_WARN_UNDECLARED_SELECTOR = YES;
				GCC_WARN_UNINITIALIZED_AUTOS = YES_AGGRESSIVE;
				GCC_WARN_UNUSED_FUNCTION = YES;
				GCC_WARN_UNUSED_VARIABLE = YES;
				IPHONEOS_DEPLOYMENT_TARGET = 9.3;
				MTL_ENABLE_DEBUG_INFO = NO;
				SDKROOT = iphoneos;
				SWIFT_OPTIMIZATION_LEVEL = "-Owholemodule";
				VALIDATE_PRODUCT = YES;
			};
			name = Release;
		};
		663A48021D7E087B00393718 /* Debug */ = {
			isa = XCBuildConfiguration;
			baseConfigurationReference = 994138C1BF6B8C27D1B23000 /* Pods-ClockIn.debug.xcconfig */;
			buildSettings = {
				ASSETCATALOG_COMPILER_APPICON_NAME = AppIcon;
				CODE_SIGN_IDENTITY = "iPhone Developer";
				"CODE_SIGN_IDENTITY[sdk=iphoneos*]" = "iPhone Developer";
				CODE_SIGN_STYLE = Manual;
				DEVELOPMENT_TEAM = 44BGB7W8XJ;
				INFOPLIST_FILE = "ClockIn/Supporting file/Info.plist";
				LD_RUNPATH_SEARCH_PATHS = "$(inherited) @executable_path/Frameworks";
				PRODUCT_BUNDLE_IDENTIFIER = com.toldy.ClockIn;
				PRODUCT_NAME = "$(TARGET_NAME)";
				PROVISIONING_PROFILE = "78239011-421e-4158-ba6c-70c93d7986bd";
				PROVISIONING_PROFILE_SPECIFIER = Wildcard;
				SWIFT_SWIFT3_OBJC_INFERENCE = On;
				SWIFT_VERSION = 4.0;
			};
			name = Debug;
		};
		663A48031D7E087B00393718 /* Release */ = {
			isa = XCBuildConfiguration;
			baseConfigurationReference = 38F0990D86767B35E491AD38 /* Pods-ClockIn.release.xcconfig */;
			buildSettings = {
				ASSETCATALOG_COMPILER_APPICON_NAME = AppIcon;
				CODE_SIGN_IDENTITY = "iPhone Developer";
				"CODE_SIGN_IDENTITY[sdk=iphoneos*]" = "iPhone Developer";
				CODE_SIGN_STYLE = Manual;
				DEVELOPMENT_TEAM = "";
				INFOPLIST_FILE = "ClockIn/Supporting file/Info.plist";
				LD_RUNPATH_SEARCH_PATHS = "$(inherited) @executable_path/Frameworks";
				PRODUCT_BUNDLE_IDENTIFIER = com.toldy.ClockIn;
				PRODUCT_NAME = "$(TARGET_NAME)";
				PROVISIONING_PROFILE = "";
				PROVISIONING_PROFILE_SPECIFIER = "";
				SWIFT_SWIFT3_OBJC_INFERENCE = On;
				SWIFT_VERSION = 4.0;
			};
			name = Release;
		};
		663A48051D7E087B00393718 /* Debug */ = {
			isa = XCBuildConfiguration;
			buildSettings = {
				"CODE_SIGN_IDENTITY[sdk=iphoneos*]" = "iPhone Developer";
				CODE_SIGN_STYLE = Manual;
				DEVELOPMENT_TEAM = 44BGB7W8XJ;
				INFOPLIST_FILE = ClockInUITests/Info.plist;
				LD_RUNPATH_SEARCH_PATHS = "$(inherited) @executable_path/Frameworks @loader_path/Frameworks";
				PRODUCT_BUNDLE_IDENTIFIER = toldino.ClockInUITests;
				PRODUCT_NAME = "$(TARGET_NAME)";
				PROVISIONING_PROFILE = "78239011-421e-4158-ba6c-70c93d7986bd";
				PROVISIONING_PROFILE_SPECIFIER = Wildcard;
				SWIFT_SWIFT3_OBJC_INFERENCE = On;
				SWIFT_VERSION = 4.0;
				TEST_TARGET_NAME = ClockIn;
			};
			name = Debug;
		};
		663A48061D7E087B00393718 /* Release */ = {
			isa = XCBuildConfiguration;
			buildSettings = {
				"CODE_SIGN_IDENTITY[sdk=iphoneos*]" = "iPhone Developer";
				CODE_SIGN_STYLE = Manual;
				DEVELOPMENT_TEAM = "";
				INFOPLIST_FILE = ClockInUITests/Info.plist;
				LD_RUNPATH_SEARCH_PATHS = "$(inherited) @executable_path/Frameworks @loader_path/Frameworks";
				PRODUCT_BUNDLE_IDENTIFIER = toldino.ClockInUITests;
				PRODUCT_NAME = "$(TARGET_NAME)";
				PROVISIONING_PROFILE_SPECIFIER = "";
				SWIFT_SWIFT3_OBJC_INFERENCE = On;
				SWIFT_VERSION = 4.0;
				TEST_TARGET_NAME = ClockIn;
			};
			name = Release;
		};
/* End XCBuildConfiguration section */

/* Begin XCConfigurationList section */
		663A47DC1D7E087B00393718 /* Build configuration list for PBXProject "ClockIn" */ = {
			isa = XCConfigurationList;
			buildConfigurations = (
				663A47FF1D7E087B00393718 /* Debug */,
				663A48001D7E087B00393718 /* Release */,
			);
			defaultConfigurationIsVisible = 0;
			defaultConfigurationName = Release;
		};
		663A48011D7E087B00393718 /* Build configuration list for PBXNativeTarget "ClockIn" */ = {
			isa = XCConfigurationList;
			buildConfigurations = (
				663A48021D7E087B00393718 /* Debug */,
				663A48031D7E087B00393718 /* Release */,
			);
			defaultConfigurationIsVisible = 0;
			defaultConfigurationName = Release;
		};
		663A48041D7E087B00393718 /* Build configuration list for PBXNativeTarget "ClockInUITests" */ = {
			isa = XCConfigurationList;
			buildConfigurations = (
				663A48051D7E087B00393718 /* Debug */,
				663A48061D7E087B00393718 /* Release */,
			);
			defaultConfigurationIsVisible = 0;
			defaultConfigurationName = Release;
		};
/* End XCConfigurationList section */
	};
	rootObject = 663A47D91D7E087B00393718 /* Project object */;
}
